
Microsoft Visual Studio Solution File, Format Version 12.00
# Visual Studio 2012
Project("{FAE04EC0-301F-11D3-BF4B-00C04F79EFBC}") = "Maple.Tools", "Maple.Tools\Maple.Tools.csproj", "{B4E6BD6B-578B-43B8-82E7-F1EEC5453545}"
EndProject
Project("{FAE04EC0-301F-11D3-BF4B-00C04F79EFBC}") = "Maple.NetWorkTools", "Maple.NetWorkTools\Maple.NetWorkTools.csproj", "{9FB3AA26-9B8D-45D7-848E-0FD580ABEBA6}"
EndProject
Project("{FAE04EC0-301F-11D3-BF4B-00C04F79EFBC}") = "Utils", "Utils\Utils.csproj", "{000C7888-BBE7-4760-BB36-274F8C160DFC}"
EndProject
Global
	GlobalSection(SolutionConfigurationPlatforms) = preSolution
		Debug|Any CPU = Debug|Any CPU
		Release|Any CPU = Release|Any CPU
	EndGlobalSection
	GlobalSection(ProjectConfigurationPlatforms) = postSolution
		{B4E6BD6B-578B-43B8-82E7-F1EEC5453545}.Debug|Any CPU.ActiveCfg = Debug|Any CPU
		{B4E6BD6B-578B-43B8-82E7-F1EEC5453545}.Debug|Any CPU.Build.0 = Debug|Any CPU
		{B4E6BD6B-578B-43B8-82E7-F1EEC5453545}.Release|Any CPU.ActiveCfg = Release|Any CPU
		{B4E6BD6B-578B-43B8-82E7-F1EEC5453545}.Release|Any CPU.Build.0 = Release|Any CPU
		{9FB3AA26-9B8D-45D7-848E-0FD580ABEBA6}.Debug|Any CPU.ActiveCfg = Debug|Any CPU
		{9FB3AA26-9B8D-45D7-848E-0FD580ABEBA6}.Debug|Any CPU.Build.0 = Debug|Any CPU
		{9FB3AA26-9B8D-45D7-848E-0FD580ABEBA6}.Release|Any CPU.ActiveCfg = Release|Any CPU
		{9FB3AA26-9B8D-45D7-848E-0FD580ABEBA6}.Release|Any CPU.Build.0 = Release|Any CPU
		{000C7888-BBE7-4760-BB36-274F8C160DFC}.Debug|Any CPU.ActiveCfg = Debug|Any CPU
		{000C7888-BBE7-4760-BB36-274F8C160DFC}.Debug|Any CPU.Build.0 = Debug|Any CPU
		{000C7888-BBE7-4760-BB36-274F8C160DFC}.Release|Any CPU.ActiveCfg = Release|Any CPU
		{000C7888-BBE7-4760-BB36-274F8C160DFC}.Release|Any CPU.Build.0 = Release|Any CPU
	EndGlobalSection
	GlobalSection(SolutionProperties) = preSolution
		HideSolutionNode = FALSE
	EndGlobalSection
EndGlobal
